
Microsoft Visual Studio Solution File, Format Version 12.00
# Visual Studio Version 17
VisualStudioVersion = 17.10.35122.118
MinimumVisualStudioVersion = 10.0.40219.1
Project("{FAE04EC0-301F-11D3-BF4B-00C04F79EFBC}") = "MaxNumberFinder", "MaxNumberFinder\MaxNumberFinder.csproj", "{920C0857-8CBD-4B74-A91A-C2BA59AB2720}"
EndProject
Project("{FAE04EC0-301F-11D3-BF4B-00C04F79EFBC}") = "MaxNumberFinderTest", "MaxNumberFinderTest\MaxNumberFinderTest.csproj", "{0BCD5A97-B92B-47A7-BD7C-1017818512D6}"
EndProject
Global
	GlobalSection(SolutionConfigurationPlatforms) = preSolution
		Debug|Any CPU = Debug|Any CPU
		Release|Any CPU = Release|Any CPU
	EndGlobalSection
	GlobalSection(ProjectConfigurationPlatforms) = postSolution
		{920C0857-8CBD-4B74-A91A-C2BA59AB2720}.Debug|Any CPU.ActiveCfg = Debug|Any CPU
		{920C0857-8CBD-4B74-A91A-C2BA59AB2720}.Debug|Any CPU.Build.0 = Debug|Any CPU
		{920C0857-8CBD-4B74-A91A-C2BA59AB2720}.Release|Any CPU.ActiveCfg = Release|Any CPU
		{920C0857-8CBD-4B74-A91A-C2BA59AB2720}.Release|Any CPU.Build.0 = Release|Any CPU
		{0BCD5A97-B92B-47A7-BD7C-1017818512D6}.Debug|Any CPU.ActiveCfg = Debug|Any CPU
		{0BCD5A97-B92B-47A7-BD7C-1017818512D6}.Debug|Any CPU.Build.0 = Debug|Any CPU
		{0BCD5A97-B92B-47A7-BD7C-1017818512D6}.Release|Any CPU.ActiveCfg = Release|Any CPU
		{0BCD5A97-B92B-47A7-BD7C-1017818512D6}.Release|Any CPU.Build.0 = Release|Any CPU
	EndGlobalSection
	GlobalSection(SolutionProperties) = preSolution
		HideSolutionNode = FALSE
	EndGlobalSection
	GlobalSection(ExtensibilityGlobals) = postSolution
		SolutionGuid = {D6762703-FC28-43DE-94B9-C701FBD6BF3B}
	EndGlobalSection
EndGlobal
